
Microsoft Visual Studio Solution File, Format Version 12.00
# Visual Studio Version 17
VisualStudioVersion = 17.6.33717.318
MinimumVisualStudioVersion = 10.0.40219.1
Project("{9A19103F-16F7-4668-BE54-9A1E7A4F7556}") = "AccountsApi", "AccountsApi.csproj", "{612178BF-F97B-4B85-A5EC-7235837E99E4}"
EndProject
Project("{9A19103F-16F7-4668-BE54-9A1E7A4F7556}") = "Application", "..\Core\Application.csproj", "{D625AF7C-8C12-4769-96ED-4FDC71982299}"
EndProject
Project("{9A19103F-16F7-4668-BE54-9A1E7A4F7556}") = "Infrastructure", "..\Infrastructure\Infrastructure.csproj", "{D0378E8A-3664-4B11-8FA7-F427488829C3}"
EndProject
Project("{9A19103F-16F7-4668-BE54-9A1E7A4F7556}") = "Extensions", "..\Extensions\Extensions.csproj", "{1D445E64-EBEE-46A9-B5D8-72368DED56DA}"
EndProject
Project("{9A19103F-16F7-4668-BE54-9A1E7A4F7556}") = "Domain", "..\Domain\Domain.csproj", "{0CCF77FA-89C5-4B39-8C59-DB08DB506587}"
EndProject
Project("{2150E333-8FDC-42A3-9474-1A3956D46DE8}") = "UnitTests", "UnitTests", "{C972351A-0B94-42AF-B3D7-3E8D88461E1A}"
EndProject
Project("{9A19103F-16F7-4668-BE54-9A1E7A4F7556}") = "core.tests", "..\core.tests\core.tests.csproj", "{7AB0AC4C-872F-40E3-8F99-7B09286A5DA4}"
EndProject
Project("{FAE04EC0-301F-11D3-BF4B-00C04F79EFBC}") = "Configurations", "..\Configurations\Configurations.csproj", "{263D912A-4DF0-4CF9-B0E9-6DB349B1CCF8}"
EndProject
Global
	GlobalSection(SolutionConfigurationPlatforms) = preSolution
		Debug|Any CPU = Debug|Any CPU
		Production|Any CPU = Production|Any CPU
		Release|Any CPU = Release|Any CPU
	EndGlobalSection
	GlobalSection(ProjectConfigurationPlatforms) = postSolution
		{612178BF-F97B-4B85-A5EC-7235837E99E4}.Debug|Any CPU.ActiveCfg = Debug|Any CPU
		{612178BF-F97B-4B85-A5EC-7235837E99E4}.Debug|Any CPU.Build.0 = Debug|Any CPU
		{612178BF-F97B-4B85-A5EC-7235837E99E4}.Production|Any CPU.ActiveCfg = Production|Any CPU
		{612178BF-F97B-4B85-A5EC-7235837E99E4}.Production|Any CPU.Build.0 = Production|Any CPU
		{612178BF-F97B-4B85-A5EC-7235837E99E4}.Release|Any CPU.ActiveCfg = Release|Any CPU
		{612178BF-F97B-4B85-A5EC-7235837E99E4}.Release|Any CPU.Build.0 = Release|Any CPU
		{D625AF7C-8C12-4769-96ED-4FDC71982299}.Debug|Any CPU.ActiveCfg = Debug|Any CPU
		{D625AF7C-8C12-4769-96ED-4FDC71982299}.Debug|Any CPU.Build.0 = Debug|Any CPU
		{D625AF7C-8C12-4769-96ED-4FDC71982299}.Production|Any CPU.ActiveCfg = Production|Any CPU
		{D625AF7C-8C12-4769-96ED-4FDC71982299}.Production|Any CPU.Build.0 = Production|Any CPU
		{D625AF7C-8C12-4769-96ED-4FDC71982299}.Release|Any CPU.ActiveCfg = Release|Any CPU
		{D625AF7C-8C12-4769-96ED-4FDC71982299}.Release|Any CPU.Build.0 = Release|Any CPU
		{D0378E8A-3664-4B11-8FA7-F427488829C3}.Debug|Any CPU.ActiveCfg = Debug|Any CPU
		{D0378E8A-3664-4B11-8FA7-F427488829C3}.Debug|Any CPU.Build.0 = Debug|Any CPU
		{D0378E8A-3664-4B11-8FA7-F427488829C3}.Production|Any CPU.ActiveCfg = Production|Any CPU
		{D0378E8A-3664-4B11-8FA7-F427488829C3}.Production|Any CPU.Build.0 = Production|Any CPU
		{D0378E8A-3664-4B11-8FA7-F427488829C3}.Release|Any CPU.ActiveCfg = Release|Any CPU
		{D0378E8A-3664-4B11-8FA7-F427488829C3}.Release|Any CPU.Build.0 = Release|Any CPU
		{1D445E64-EBEE-46A9-B5D8-72368DED56DA}.Debug|Any CPU.ActiveCfg = Debug|Any CPU
		{1D445E64-EBEE-46A9-B5D8-72368DED56DA}.Debug|Any CPU.Build.0 = Debug|Any CPU
		{1D445E64-EBEE-46A9-B5D8-72368DED56DA}.Production|Any CPU.ActiveCfg = Production|Any CPU
		{1D445E64-EBEE-46A9-B5D8-72368DED56DA}.Production|Any CPU.Build.0 = Production|Any CPU
		{1D445E64-EBEE-46A9-B5D8-72368DED56DA}.Release|Any CPU.ActiveCfg = Release|Any CPU
		{1D445E64-EBEE-46A9-B5D8-72368DED56DA}.Release|Any CPU.Build.0 = Release|Any CPU
		{0CCF77FA-89C5-4B39-8C59-DB08DB506587}.Debug|Any CPU.ActiveCfg = Debug|Any CPU
		{0CCF77FA-89C5-4B39-8C59-DB08DB506587}.Debug|Any CPU.Build.0 = Debug|Any CPU
		{0CCF77FA-89C5-4B39-8C59-DB08DB506587}.Production|Any CPU.ActiveCfg = Production|Any CPU
		{0CCF77FA-89C5-4B39-8C59-DB08DB506587}.Production|Any CPU.Build.0 = Production|Any CPU
		{0CCF77FA-89C5-4B39-8C59-DB08DB506587}.Release|Any CPU.ActiveCfg = Release|Any CPU
		{0CCF77FA-89C5-4B39-8C59-DB08DB506587}.Release|Any CPU.Build.0 = Release|Any CPU
		{7AB0AC4C-872F-40E3-8F99-7B09286A5DA4}.Debug|Any CPU.ActiveCfg = Debug|Any CPU
		{7AB0AC4C-872F-40E3-8F99-7B09286A5DA4}.Debug|Any CPU.Build.0 = Debug|Any CPU
		{7AB0AC4C-872F-40E3-8F99-7B09286A5DA4}.Production|Any CPU.ActiveCfg = Production|Any CPU
		{7AB0AC4C-872F-40E3-8F99-7B09286A5DA4}.Production|Any CPU.Build.0 = Production|Any CPU
		{7AB0AC4C-872F-40E3-8F99-7B09286A5DA4}.Release|Any CPU.ActiveCfg = Release|Any CPU
		{7AB0AC4C-872F-40E3-8F99-7B09286A5DA4}.Release|Any CPU.Build.0 = Release|Any CPU
		{263D912A-4DF0-4CF9-B0E9-6DB349B1CCF8}.Debug|Any CPU.ActiveCfg = Debug|Any CPU
		{263D912A-4DF0-4CF9-B0E9-6DB349B1CCF8}.Debug|Any CPU.Build.0 = Debug|Any CPU
		{263D912A-4DF0-4CF9-B0E9-6DB349B1CCF8}.Production|Any CPU.ActiveCfg = Debug|Any CPU
		{263D912A-4DF0-4CF9-B0E9-6DB349B1CCF8}.Production|Any CPU.Build.0 = Debug|Any CPU
		{263D912A-4DF0-4CF9-B0E9-6DB349B1CCF8}.Release|Any CPU.ActiveCfg = Release|Any CPU
		{263D912A-4DF0-4CF9-B0E9-6DB349B1CCF8}.Release|Any CPU.Build.0 = Release|Any CPU
	EndGlobalSection
	GlobalSection(SolutionProperties) = preSolution
		HideSolutionNode = FALSE
	EndGlobalSection
	GlobalSection(NestedProjects) = preSolution
		{7AB0AC4C-872F-40E3-8F99-7B09286A5DA4} = {C972351A-0B94-42AF-B3D7-3E8D88461E1A}
	EndGlobalSection
	GlobalSection(ExtensibilityGlobals) = postSolution
		SolutionGuid = {B1D8B1C7-61DE-46F0-8E76-E44225379418}
	EndGlobalSection
EndGlobal
